{
    "_readme": [
        "This file locks the dependencies of your project to a known state",
        "Read more about it at https://getcomposer.org/doc/01-basic-usage.md#installing-dependencies",
        "This file is @generated automatically"
    ],
    "content-hash": "1cc29cef753d8e036f2670c4d215187d",
    "packages": [
        {
            "name": "petersil98/thresh-core",
            "version": "dev-master",
            "source": {
                "type": "git",
                "url": "https://github.com/Petersil1998/Thresh-Core.git",
                "reference": "fdc4ef04d335bda31dd32117728211bdcca1147d"
            },
            "dist": {
                "type": "zip",
                "url": "https://api.github.com/repos/Petersil1998/Thresh-Core/zipball/fdc4ef04d335bda31dd32117728211bdcca1147d",
                "reference": "fdc4ef04d335bda31dd32117728211bdcca1147d",
                "shasum": ""
            },
            "require": {
                "ext-curl": "*",
                "ext-gd": "*",
                "ext-json": "*",
                "php": ">=7.1"
            },
            "default-branch": true,
            "type": "library",
            "autoload": {
                "psr-4": {
                    "Thresh_Core\\": "src/"
                }
            },
            "notification-url": "https://packagist.org/downloads/",
            "authors": [
                {
                    "name": "Peter Silbernagl"
                }
            ],
            "description": "This is the core module for the Thresh Libraries",
            "support": {
                "issues": "https://github.com/Petersil1998/Thresh-Core/issues",
                "source": "https://github.com/Petersil1998/Thresh-Core/tree/master"
            },
            "time": "2021-10-02T14:00:14+00:00"
        }
    ],
    "packages-dev": [],
    "aliases": [],
    "minimum-stability": "stable",
    "stability-flags": {
        "petersil98/thresh-core": 20
    },
    "prefer-stable": false,
    "prefer-lowest": false,
    "platform": {
        "ext-json": "*",
        "ext-curl": "*",
        "ext-openssl": "*",
        "ext-gd": "*"
    },
    "platform-dev": [],
    "plugin-api-version": "2.1.0"
}
