{
    "_readme": [
        "This file locks the dependencies of your project to a known state",
        "Read more about it at https://getcomposer.org/doc/01-basic-usage.md#installing-dependencies",
        "This file is @generated automatically"
    ],
    "content-hash": "1cc29cef753d8e036f2670c4d215187d",
    "packages": [
        {
            "name": "petersil98/thresh-core",
            "version": "dev-master",
            "source": {
                "type": "git",
                "url": "https://github.com/Petersil1998/Thresh-Core.git",
                "reference": "210d5b667e6e611ec2c3c2d342465e8c6218e6be"
            },
            "dist": {
                "type": "zip",
                "url": "https://api.github.com/repos/Petersil1998/Thresh-Core/zipball/210d5b667e6e611ec2c3c2d342465e8c6218e6be",
                "reference": "210d5b667e6e611ec2c3c2d342465e8c6218e6be",
                "shasum": ""
            },
            "require": {
                "php": ">=7.1"
            },
            "type": "library",
            "autoload": {
                "psr-4": {
                    "Thresh_Core\\": "src/"
                }
            },
            "notification-url": "https://packagist.org/downloads/",
            "authors": [
                {
                    "name": "Peter Silbernagl"
                }
            ],
            "description": "This is the core module for the Thresh Libraries",
            "time": "2020-09-18T23:03:00+00:00"
        }
    ],
    "packages-dev": [],
    "aliases": [],
    "minimum-stability": "stable",
    "stability-flags": {
        "petersil98/thresh-core": 20
    },
    "prefer-stable": false,
    "prefer-lowest": false,
    "platform": {
        "ext-json": "*",
        "ext-curl": "*",
        "ext-openssl": "*",
        "ext-gd": "*"
    },
    "platform-dev": []
}
